// !$*UTF8*$!
{
	archiveVersion = 1;
	classes = {
	};
	objectVersion = 77;
	objects = {

/* Begin PBXBuildFile section */
		A285AAA92F3055CD00C0D9FA /* WildLog.icon in Resources */ = {isa = PBXBuildFile; fileRef = A285AAA82F3055CD00C0D9FA /* WildLog.icon */; };
		A285AAAA2F3055CD00C0D9FA /* WildLog.icon in Resources */ = {isa = PBXBuildFile; fileRef = A285AAA82F3055CD00C0D9FA /* WildLog.icon */; };
		A285AAAB2F3055CD00C0D9FA /* WildLog.icon in Resources */ = {isa = PBXBuildFile; fileRef = A285AAA82F3055CD00C0D9FA /* WildLog.icon */; };
/* End PBXBuildFile section */

/* Begin PBXContainerItemProxy section */
		A27E39AB2F30542F0079200D /* PBXContainerItemProxy */ = {
			isa = PBXContainerItemProxy;
			containerPortal = A27E39902F30542E0079200D /* Project object */;
			proxyType = 1;
			remoteGlobalIDString = A27E39972F30542E0079200D;
			remoteInfo = WildLog;
		};
		A27E39B52F30542F0079200D /* PBXContainerItemProxy */ = {
			isa = PBXContainerItemProxy;
			containerPortal = A27E39902F30542E0079200D /* Project object */;
			proxyType = 1;
			remoteGlobalIDString = A27E39972F30542E0079200D;
			remoteInfo = WildLog;
		};
/* End PBXContainerItemProxy section */

/* Begin PBXFileReference section */
		A27E39982F30542E0079200D /* WildLog.app */ = {isa = PBXFileReference; explicitFileType = wrapper.application; includeInIndex = 0; path = WildLog.app; sourceTree = BUILT_PRODUCTS_DIR; };
		A27E39AA2F30542F0079200D /* WildLogTests.xctest */ = {isa = PBXFileReference; explicitFileType = wrapper.cfbundle; includeInIndex = 0; path = WildLogTests.xctest; sourceTree = BUILT_PRODUCTS_DIR; };
		A27E39B42F30542F0079200D /* WildLogUITests.xctest */ = {isa = PBXFileReference; explicitFileType = wrapper.cfbundle; includeInIndex = 0; path = WildLogUITests.xctest; sourceTree = BUILT_PRODUCTS_DIR; };
		A285AAA82F3055CD00C0D9FA /* WildLog.icon */ = {isa = PBXFileReference; lastKnownFileType = wrapper; path = WildLog.icon; sourceTree = "<group>"; };
/* End PBXFileReference section */

/* Begin PBXFileSystemSynchronizedBuildFileExceptionSet section */
		A28823022F31473100148C3E /* Exceptions for "WildLog" folder in "WildLogUITests" target */ = {
			isa = PBXFileSystemSynchronizedBuildFileExceptionSet;
			membershipExceptions = (
				Components/Map/MapViewRepresentable.swift,
				Views/ContentView.swift,
				Views/LaunchScreenView.swift,
				Views/ListView.swift,
				Views/Map/SheetView.swift,
				Views/ProfileView.swift,
				Views/ReviewView.swift,
				Views/Settings/BioView.swift,
				Views/Settings/SettingsView.swift,
				Views/TabView.swift,
			);
			target = A27E39B32F30542F0079200D /* WildLogUITests */;
		};
/* End PBXFileSystemSynchronizedBuildFileExceptionSet section */

/* Begin PBXFileSystemSynchronizedRootGroup section */
		A27E399A2F30542E0079200D /* WildLog */ = {
			isa = PBXFileSystemSynchronizedRootGroup;
			exceptions = (
				A28823022F31473100148C3E /* Exceptions for "WildLog" folder in "WildLogUITests" target */,
			);
			path = WildLog;
			sourceTree = "<group>";
		};
		A27E39AD2F30542F0079200D /* WildLogTests */ = {
			isa = PBXFileSystemSynchronizedRootGroup;
			path = WildLogTests;
			sourceTree = "<group>";
		};
		A27E39B72F30542F0079200D /* WildLogUITests */ = {
			isa = PBXFileSystemSynchronizedRootGroup;
			path = WildLogUITests;
			sourceTree = "<group>";
		};
/* End PBXFileSystemSynchronizedRootGroup section */

/* Begin PBXFrameworksBuildPhase section */
		A27E39952F30542E0079200D /* Frameworks */ = {
			isa = PBXFrameworksBuildPhase;
			buildActionMask = 2147483647;
			files = (
			);
			runOnlyForDeploymentPostprocessing = 0;
		};
		A27E39A72F30542F0079200D /* Frameworks */ = {
			isa = PBXFrameworksBuildPhase;
			buildActionMask = 2147483647;
			files = (
			);
			runOnlyForDeploymentPostprocessing = 0;
		};
		A27E39B12F30542F0079200D /* Frameworks */ = {
			isa = PBXFrameworksBuildPhase;
			buildActionMask = 2147483647;
			files = (
			);
			runOnlyForDeploymentPostprocessing = 0;
		};
/* End PBXFrameworksBuildPhase section */

/* Begin PBXGroup section */
		A27E398F2F30542E0079200D = {
			isa = PBXGroup;
			children = (
				A27E399A2F30542E0079200D /* WildLog */,
				A27E39AD2F30542F0079200D /* WildLogTests */,
				A27E39B72F30542F0079200D /* WildLogUITests */,
				A27E39992F30542E0079200D /* Products */,
				A285AAA82F3055CD00C0D9FA /* WildLog.icon */,
			);
			sourceTree = "<group>";
		};
		A27E39992F30542E0079200D /* Products */ = {
			isa = PBXGroup;
			children = (
				A27E39982F30542E0079200D /* WildLog.app */,
				A27E39AA2F30542F0079200D /* WildLogTests.xctest */,
				A27E39B42F30542F0079200D /* WildLogUITests.xctest */,
			);
			name = Products;
			sourceTree = "<group>";
		};
/* End PBXGroup section */

/* Begin PBXNativeTarget section */
		A27E39972F30542E0079200D /* WildLog */ = {
			isa = PBXNativeTarget;
			buildConfigurationList = A27E39BE2F30542F0079200D /* Build configuration list for PBXNativeTarget "WildLog" */;
			buildPhases = (
				A27E39942F30542E0079200D /* Sources */,
				A27E39952F30542E0079200D /* Frameworks */,
				A27E39962F30542E0079200D /* Resources */,
			);
			buildRules = (
			);
			dependencies = (
			);
			fileSystemSynchronizedGroups = (
				A27E399A2F30542E0079200D /* WildLog */,
			);
			name = WildLog;
			packageProductDependencies = (
			);
			productName = WildLog;
			productReference = A27E39982F30542E0079200D /* WildLog.app */;
			productType = "com.apple.product-type.application";
		};
		A27E39A92F30542F0079200D /* WildLogTests */ = {
			isa = PBXNativeTarget;
			buildConfigurationList = A27E39C12F30542F0079200D /* Build configuration list for PBXNativeTarget "WildLogTests" */;
			buildPhases = (
				A27E39A62F30542F0079200D /* Sources */,
				A27E39A72F30542F0079200D /* Frameworks */,
				A27E39A82F30542F0079200D /* Resources */,
			);
			buildRules = (
			);
			dependencies = (
				A27E39AC2F30542F0079200D /* PBXTargetDependency */,
			);
			fileSystemSynchronizedGroups = (
				A27E39AD2F30542F0079200D /* WildLogTests */,
			);
			name = WildLogTests;
			packageProductDependencies = (
			);
			productName = WildLogTests;
			productReference = A27E39AA2F30542F0079200D /* WildLogTests.xctest */;
			productType = "com.apple.product-type.bundle.unit-test";
		};
		A27E39B32F30542F0079200D /* WildLogUITests */ = {
			isa = PBXNativeTarget;
			buildConfigurationList = A27E39C42F30542F0079200D /* Build configuration list for PBXNativeTarget "WildLogUITests" */;
			buildPhases = (
				A27E39B02F30542F0079200D /* Sources */,
				A27E39B12F30542F0079200D /* Frameworks */,
				A27E39B22F30542F0079200D /* Resources */,
			);
			buildRules = (
			);
			dependencies = (
				A27E39B62F30542F0079200D /* PBXTargetDependency */,
			);
			fileSystemSynchronizedGroups = (
				A27E39B72F30542F0079200D /* WildLogUITests */,
			);
			name = WildLogUITests;
			packageProductDependencies = (
			);
			productName = WildLogUITests;
			productReference = A27E39B42F30542F0079200D /* WildLogUITests.xctest */;
			productType = "com.apple.product-type.bundle.ui-testing";
		};
/* End PBXNativeTarget section */

/* Begin PBXProject section */
		A27E39902F30542E0079200D /* Project object */ = {
			isa = PBXProject;
			attributes = {
				BuildIndependentTargetsInParallel = 1;
				LastSwiftUpdateCheck = 1620;
				LastUpgradeCheck = 1630;
				TargetAttributes = {
					A27E39972F30542E0079200D = {
						CreatedOnToolsVersion = 16.2;
					};
					A27E39A92F30542F0079200D = {
						CreatedOnToolsVersion = 16.2;
						TestTargetID = A27E39972F30542E0079200D;
					};
					A27E39B32F30542F0079200D = {
						CreatedOnToolsVersion = 16.2;
						TestTargetID = A27E39972F30542E0079200D;
					};
				};
			};
			buildConfigurationList = A27E39932F30542E0079200D /* Build configuration list for PBXProject "WildLog" */;
			developmentRegion = en;
			hasScannedForEncodings = 0;
			knownRegions = (
				en,
				Base,
			);
			mainGroup = A27E398F2F30542E0079200D;
			minimizedProjectReferenceProxies = 1;
			preferredProjectObjectVersion = 77;
			productRefGroup = A27E39992F30542E0079200D /* Products */;
			projectDirPath = "";
			projectRoot = "";
			targets = (
				A27E39972F30542E0079200D /* WildLog */,
				A27E39A92F30542F0079200D /* WildLogTests */,
				A27E39B32F30542F0079200D /* WildLogUITests */,
			);
		};
/* End PBXProject section */

/* Begin PBXResourcesBuildPhase section */
		A27E39962F30542E0079200D /* Resources */ = {
			isa = PBXResourcesBuildPhase;
			buildActionMask = 2147483647;
			files = (
				A285AAAB2F3055CD00C0D9FA /* WildLog.icon in Resources */,
			);
			runOnlyForDeploymentPostprocessing = 0;
		};
		A27E39A82F30542F0079200D /* Resources */ = {
			isa = PBXResourcesBuildPhase;
			buildActionMask = 2147483647;
			files = (
				A285AAA92F3055CD00C0D9FA /* WildLog.icon in Resources */,
			);
			runOnlyForDeploymentPostprocessing = 0;
		};
		A27E39B22F30542F0079200D /* Resources */ = {
			isa = PBXResourcesBuildPhase;
			buildActionMask = 2147483647;
			files = (
				A285AAAA2F3055CD00C0D9FA /* WildLog.icon in Resources */,
			);
			runOnlyForDeploymentPostprocessing = 0;
		};
/* End PBXResourcesBuildPhase section */

/* Begin PBXSourcesBuildPhase section */
		A27E39942F30542E0079200D /* Sources */ = {
			isa = PBXSourcesBuildPhase;
			buildActionMask = 2147483647;
			files = (
			);
			runOnlyForDeploymentPostprocessing = 0;
		};
		A27E39A62F30542F0079200D /* Sources */ = {
			isa = PBXSourcesBuildPhase;
			buildActionMask = 2147483647;
			files = (
			);
			runOnlyForDeploymentPostprocessing = 0;
		};
		A27E39B02F30542F0079200D /* Sources */ = {
			isa = PBXSourcesBuildPhase;
			buildActionMask = 2147483647;
			files = (
			);
			runOnlyForDeploymentPostprocessing = 0;
		};
/* End PBXSourcesBuildPhase section */

/* Begin PBXTargetDependency section */
		A27E39AC2F30542F0079200D /* PBXTargetDependency */ = {
			isa = PBXTargetDependency;
			target = A27E39972F30542E0079200D /* WildLog */;
			targetProxy = A27E39AB2F30542F0079200D /* PBXContainerItemProxy */;
		};
		A27E39B62F30542F0079200D /* PBXTargetDependency */ = {
			isa = PBXTargetDependency;
			target = A27E39972F30542E0079200D /* WildLog */;
			targetProxy = A27E39B52F30542F0079200D /* PBXContainerItemProxy */;
		};
/* End PBXTargetDependency section */

/* Begin XCBuildConfiguration section */
		A27E39BC2F30542F0079200D /* Debug */ = {
			isa = XCBuildConfiguration;
			buildSettings = {
				ALWAYS_SEARCH_USER_PATHS = NO;
				ASSETCATALOG_COMPILER_GENERATE_SWIFT_ASSET_SYMBOL_EXTENSIONS = YES;
				CLANG_ANALYZER_NONNULL = YES;
				CLANG_ANALYZER_NUMBER_OBJECT_CONVERSION = YES_AGGRESSIVE;
				CLANG_CXX_LANGUAGE_STANDARD = "gnu++20";
				CLANG_ENABLE_MODULES = YES;
				CLANG_ENABLE_OBJC_ARC = YES;
				CLANG_ENABLE_OBJC_WEAK = YES;
				CLANG_WARN_BLOCK_CAPTURE_AUTORELEASING = YES;
				CLANG_WARN_BOOL_CONVERSION = YES;
				CLANG_WARN_COMMA = YES;
				CLANG_WARN_CONSTANT_CONVERSION = YES;
				CLANG_WARN_DEPRECATED_OBJC_IMPLEMENTATIONS = YES;
				CLANG_WARN_DIRECT_OBJC_ISA_USAGE = YES_ERROR;
				CLANG_WARN_DOCUMENTATION_COMMENTS = YES;
				CLANG_WARN_EMPTY_BODY = YES;
				CLANG_WARN_ENUM_CONVERSION = YES;
				CLANG_WARN_INFINITE_RECURSION = YES;
				CLANG_WARN_INT_CONVERSION = YES;
				CLANG_WARN_NON_LITERAL_NULL_CONVERSION = YES;
				CLANG_WARN_OBJC_IMPLICIT_RETAIN_SELF = YES;
				CLANG_WARN_OBJC_LITERAL_CONVERSION = YES;
				CLANG_WARN_OBJC_ROOT_CLASS = YES_ERROR;
				CLANG_WARN_QUOTED_INCLUDE_IN_FRAMEWORK_HEADER = YES;
				CLANG_WARN_RANGE_LOOP_ANALYSIS = YES;
				CLANG_WARN_STRICT_PROTOTYPES = YES;
				CLANG_WARN_SUSPICIOUS_MOVE = YES;
				CLANG_WARN_UNGUARDED_AVAILABILITY = YES_AGGRESSIVE;
				CLANG_WARN_UNREACHABLE_CODE = YES;
				CLANG_WARN__DUPLICATE_METHOD_MATCH = YES;
				COPY_PHASE_STRIP = NO;
				DEBUG_INFORMATION_FORMAT = dwarf;
				ENABLE_STRICT_OBJC_MSGSEND = YES;
				ENABLE_TESTABILITY = YES;
				ENABLE_USER_SCRIPT_SANDBOXING = YES;
				GCC_C_LANGUAGE_STANDARD = gnu17;
				GCC_DYNAMIC_NO_PIC = NO;
				GCC_NO_COMMON_BLOCKS = YES;
				GCC_OPTIMIZATION_LEVEL = 0;
				GCC_PREPROCESSOR_DEFINITIONS = (
					"DEBUG=1",
					"$(inherited)",
				);
				GCC_WARN_64_TO_32_BIT_CONVERSION = YES;
				GCC_WARN_ABOUT_RETURN_TYPE = YES_ERROR;
				GCC_WARN_UNDECLARED_SELECTOR = YES;
				GCC_WARN_UNINITIALIZED_AUTOS = YES_AGGRESSIVE;
				GCC_WARN_UNUSED_FUNCTION = YES;
				GCC_WARN_UNUSED_VARIABLE = YES;
				IPHONEOS_DEPLOYMENT_TARGET = 18.2;
				LOCALIZATION_PREFERS_STRING_CATALOGS = YES;
				MTL_ENABLE_DEBUG_INFO = INCLUDE_SOURCE;
				MTL_FAST_MATH = YES;
				ONLY_ACTIVE_ARCH = YES;
				SDKROOT = iphoneos;
				SWIFT_ACTIVE_COMPILATION_CONDITIONS = "DEBUG $(inherited)";
				SWIFT_OPTIMIZATION_LEVEL = "-Onone";
			};
			name = Debug;
		};
		A27E39BD2F30542F0079200D /* Release */ = {
			isa = XCBuildConfiguration;
			buildSettings = {
				ALWAYS_SEARCH_USER_PATHS = NO;
				ASSETCATALOG_COMPILER_GENERATE_SWIFT_ASSET_SYMBOL_EXTENSIONS = YES;
				CLANG_ANALYZER_NONNULL = YES;
				CLANG_ANALYZER_NUMBER_OBJECT_CONVERSION = YES_AGGRESSIVE;
				CLANG_CXX_LANGUAGE_STANDARD = "gnu++20";
				CLANG_ENABLE_MODULES = YES;
				CLANG_ENABLE_OBJC_ARC = YES;
				CLANG_ENABLE_OBJC_WEAK = YES;
				CLANG_WARN_BLOCK_CAPTURE_AUTORELEASING = YES;
				CLANG_WARN_BOOL_CONVERSION = YES;
				CLANG_WARN_COMMA = YES;
				CLANG_WARN_CONSTANT_CONVERSION = YES;
				CLANG_WARN_DEPRECATED_OBJC_IMPLEMENTATIONS = YES;
				CLANG_WARN_DIRECT_OBJC_ISA_USAGE = YES_ERROR;
				CLANG_WARN_DOCUMENTATION_COMMENTS = YES;
				CLANG_WARN_EMPTY_BODY = YES;
				CLANG_WARN_ENUM_CONVERSION = YES;
				CLANG_WARN_INFINITE_RECURSION = YES;
				CLANG_WARN_INT_CONVERSION = YES;
				CLANG_WARN_NON_LITERAL_NULL_CONVERSION = YES;
				CLANG_WARN_OBJC_IMPLICIT_RETAIN_SELF = YES;
				CLANG_WARN_OBJC_LITERAL_CONVERSION = YES;
				CLANG_WARN_OBJC_ROOT_CLASS = YES_ERROR;
				CLANG_WARN_QUOTED_INCLUDE_IN_FRAMEWORK_HEADER = YES;
				CLANG_WARN_RANGE_LOOP_ANALYSIS = YES;
				CLANG_WARN_STRICT_PROTOTYPES = YES;
				CLANG_WARN_SUSPICIOUS_MOVE = YES;
				CLANG_WARN_UNGUARDED_AVAILABILITY = YES_AGGRESSIVE;
				CLANG_WARN_UNREACHABLE_CODE = YES;
				CLANG_WARN__DUPLICATE_METHOD_MATCH = YES;
				COPY_PHASE_STRIP = NO;
				DEBUG_INFORMATION_FORMAT = "dwarf-with-dsym";
				ENABLE_NS_ASSERTIONS = NO;
				ENABLE_STRICT_OBJC_MSGSEND = YES;
				ENABLE_USER_SCRIPT_SANDBOXING = YES;
				GCC_C_LANGUAGE_STANDARD = gnu17;
				GCC_NO_COMMON_BLOCKS = YES;
				GCC_WARN_64_TO_32_BIT_CONVERSION = YES;
				GCC_WARN_ABOUT_RETURN_TYPE = YES_ERROR;
				GCC_WARN_UNDECLARED_SELECTOR = YES;
				GCC_WARN_UNINITIALIZED_AUTOS = YES_AGGRESSIVE;
				GCC_WARN_UNUSED_FUNCTION = YES;
				GCC_WARN_UNUSED_VARIABLE = YES;
				IPHONEOS_DEPLOYMENT_TARGET = 18.2;
				LOCALIZATION_PREFERS_STRING_CATALOGS = YES;
				MTL_ENABLE_DEBUG_INFO = NO;
				MTL_FAST_MATH = YES;
				SDKROOT = iphoneos;
				SWIFT_COMPILATION_MODE = wholemodule;
				VALIDATE_PRODUCT = YES;
			};
			name = Release;
		};
		A27E39BF2F30542F0079200D /* Debug */ = {
			isa = XCBuildConfiguration;
			buildSettings = {
				ASSETCATALOG_COMPILER_APPICON_NAME = WildLog;
				ASSETCATALOG_COMPILER_GLOBAL_ACCENT_COLOR_NAME = AccentColor;
				ASSETCATALOG_COMPILER_INCLUDE_ALL_APPICON_ASSETS = NO;
				CODE_SIGN_STYLE = Automatic;
				CURRENT_PROJECT_VERSION = 1;
				DEVELOPMENT_ASSET_PATHS = "\"WildLog/Preview Content\"";
				DEVELOPMENT_TEAM = Y43F7CMHZ5;
				ENABLE_PREVIEWS = YES;
				GENERATE_INFOPLIST_FILE = YES;
				INFOPLIST_KEY_LSApplicationCategoryType = "public.app-category.social-networking";
				INFOPLIST_KEY_NSLocationWhenInUseUsageDescription = "We want to use your location to show you parks near you.";
				INFOPLIST_KEY_UIApplicationSceneManifest_Generation = YES;
				INFOPLIST_KEY_UIApplicationSupportsIndirectInputEvents = YES;
				INFOPLIST_KEY_UILaunchScreen_Generation = YES;
				INFOPLIST_KEY_UISupportedInterfaceOrientations_iPad = "UIInterfaceOrientationPortrait UIInterfaceOrientationPortraitUpsideDown UIInterfaceOrientationLandscapeLeft UIInterfaceOrientationLandscapeRight";
				INFOPLIST_KEY_UISupportedInterfaceOrientations_iPhone = "UIInterfaceOrientationPortrait UIInterfaceOrientationLandscapeLeft UIInterfaceOrientationLandscapeRight";
				IPHONEOS_DEPLOYMENT_TARGET = 17.6;
				LD_RUNPATH_SEARCH_PATHS = (
					"$(inherited)",
					"@executable_path/Frameworks",
				);
				MARKETING_VERSION = 1.0;
				PRODUCT_BUNDLE_IDENTIFIER = wildlog.WildLog;
				PRODUCT_NAME = "$(TARGET_NAME)";
				SWIFT_EMIT_LOC_STRINGS = YES;
				SWIFT_VERSION = 5.0;
				TARGETED_DEVICE_FAMILY = "1,2";
			};
			name = Debug;
		};
		A27E39C02F30542F0079200D /* Release */ = {
			isa = XCBuildConfiguration;
			buildSettings = {
				ASSETCATALOG_COMPILER_APPICON_NAME = WildLog;
				ASSETCATALOG_COMPILER_GLOBAL_ACCENT_COLOR_NAME = AccentColor;
				ASSETCATALOG_COMPILER_INCLUDE_ALL_APPICON_ASSETS = NO;
				CODE_SIGN_STYLE = Automatic;
				CURRENT_PROJECT_VERSION = 1;
				DEVELOPMENT_ASSET_PATHS = "\"WildLog/Preview Content\"";
				DEVELOPMENT_TEAM = Y43F7CMHZ5;
				ENABLE_PREVIEWS = YES;
				GENERATE_INFOPLIST_FILE = YES;
				INFOPLIST_KEY_LSApplicationCategoryType = "public.app-category.social-networking";
				INFOPLIST_KEY_NSLocationWhenInUseUsageDescription = "We want to use your location to show you parks near you.";
				INFOPLIST_KEY_UIApplicationSceneManifest_Generation = YES;
				INFOPLIST_KEY_UIApplicationSupportsIndirectInputEvents = YES;
				INFOPLIST_KEY_UILaunchScreen_Generation = YES;
				INFOPLIST_KEY_UISupportedInterfaceOrientations_iPad = "UIInterfaceOrientationPortrait UIInterfaceOrientationPortraitUpsideDown UIInterfaceOrientationLandscapeLeft UIInterfaceOrientationLandscapeRight";
				INFOPLIST_KEY_UISupportedInterfaceOrientations_iPhone = "UIInterfaceOrientationPortrait UIInterfaceOrientationLandscapeLeft UIInterfaceOrientationLandscapeRight";
				IPHONEOS_DEPLOYMENT_TARGET = 17.6;
				LD_RUNPATH_SEARCH_PATHS = (
					"$(inherited)",
					"@executable_path/Frameworks",
				);
				MARKETING_VERSION = 1.0;
				PRODUCT_BUNDLE_IDENTIFIER = wildlog.WildLog;
				PRODUCT_NAME = "$(TARGET_NAME)";
				SWIFT_EMIT_LOC_STRINGS = YES;
				SWIFT_VERSION = 5.0;
				TARGETED_DEVICE_FAMILY = "1,2";
			};
			name = Release;
		};
		A27E39C22F30542F0079200D /* Debug */ = {
			isa = XCBuildConfiguration;
			buildSettings = {
				BUNDLE_LOADER = "$(TEST_HOST)";
				CODE_SIGN_STYLE = Automatic;
				CURRENT_PROJECT_VERSION = 1;
				DEVELOPMENT_TEAM = US3QA8NCX7;
				GENERATE_INFOPLIST_FILE = YES;
				IPHONEOS_DEPLOYMENT_TARGET = 18.2;
				MARKETING_VERSION = 1.0;
				PRODUCT_BUNDLE_IDENTIFIER = wildlog.WildLogTests;
				PRODUCT_NAME = "$(TARGET_NAME)";
				SWIFT_EMIT_LOC_STRINGS = NO;
				SWIFT_VERSION = 5.0;
				TARGETED_DEVICE_FAMILY = "1,2";
				TEST_HOST = "$(BUILT_PRODUCTS_DIR)/WildLog.app/$(BUNDLE_EXECUTABLE_FOLDER_PATH)/WildLog";
			};
			name = Debug;
		};
		A27E39C32F30542F0079200D /* Release */ = {
			isa = XCBuildConfiguration;
			buildSettings = {
				BUNDLE_LOADER = "$(TEST_HOST)";
				CODE_SIGN_STYLE = Automatic;
				CURRENT_PROJECT_VERSION = 1;
				DEVELOPMENT_TEAM = US3QA8NCX7;
				GENERATE_INFOPLIST_FILE = YES;
				IPHONEOS_DEPLOYMENT_TARGET = 18.2;
				MARKETING_VERSION = 1.0;
				PRODUCT_BUNDLE_IDENTIFIER = wildlog.WildLogTests;
				PRODUCT_NAME = "$(TARGET_NAME)";
				SWIFT_EMIT_LOC_STRINGS = NO;
				SWIFT_VERSION = 5.0;
				TARGETED_DEVICE_FAMILY = "1,2";
				TEST_HOST = "$(BUILT_PRODUCTS_DIR)/WildLog.app/$(BUNDLE_EXECUTABLE_FOLDER_PATH)/WildLog";
			};
			name = Release;
		};
		A27E39C52F30542F0079200D /* Debug */ = {
			isa = XCBuildConfiguration;
			buildSettings = {
				CODE_SIGN_STYLE = Automatic;
				CURRENT_PROJECT_VERSION = 1;
				DEVELOPMENT_TEAM = US3QA8NCX7;
				GENERATE_INFOPLIST_FILE = YES;
				MARKETING_VERSION = 1.0;
				PRODUCT_BUNDLE_IDENTIFIER = wildlog.WildLogUITests;
				PRODUCT_NAME = "$(TARGET_NAME)";
				SWIFT_EMIT_LOC_STRINGS = NO;
				SWIFT_VERSION = 5.0;
				TARGETED_DEVICE_FAMILY = "1,2";
				TEST_TARGET_NAME = WildLog;
			};
			name = Debug;
		};
		A27E39C62F30542F0079200D /* Release */ = {
			isa = XCBuildConfiguration;
			buildSettings = {
				CODE_SIGN_STYLE = Automatic;
				CURRENT_PROJECT_VERSION = 1;
				DEVELOPMENT_TEAM = US3QA8NCX7;
				GENERATE_INFOPLIST_FILE = YES;
				MARKETING_VERSION = 1.0;
				PRODUCT_BUNDLE_IDENTIFIER = wildlog.WildLogUITests;
				PRODUCT_NAME = "$(TARGET_NAME)";
				SWIFT_EMIT_LOC_STRINGS = NO;
				SWIFT_VERSION = 5.0;
				TARGETED_DEVICE_FAMILY = "1,2";
				TEST_TARGET_NAME = WildLog;
			};
			name = Release;
		};
/* End XCBuildConfiguration section */

/* Begin XCConfigurationList section */
		A27E39932F30542E0079200D /* Build configuration list for PBXProject "WildLog" */ = {
			isa = XCConfigurationList;
			buildConfigurations = (
				A27E39BC2F30542F0079200D /* Debug */,
				A27E39BD2F30542F0079200D /* Release */,
			);
			defaultConfigurationIsVisible = 0;
			defaultConfigurationName = Release;
		};
		A27E39BE2F30542F0079200D /* Build configuration list for PBXNativeTarget "WildLog" */ = {
			isa = XCConfigurationList;
			buildConfigurations = (
				A27E39BF2F30542F0079200D /* Debug */,
				A27E39C02F30542F0079200D /* Release */,
			);
			defaultConfigurationIsVisible = 0;
			defaultConfigurationName = Release;
		};
		A27E39C12F30542F0079200D /* Build configuration list for PBXNativeTarget "WildLogTests" */ = {
			isa = XCConfigurationList;
			buildConfigurations = (
				A27E39C22F30542F0079200D /* Debug */,
				A27E39C32F30542F0079200D /* Release */,
			);
			defaultConfigurationIsVisible = 0;
			defaultConfigurationName = Release;
		};
		A27E39C42F30542F0079200D /* Build configuration list for PBXNativeTarget "WildLogUITests" */ = {
			isa = XCConfigurationList;
			buildConfigurations = (
				A27E39C52F30542F0079200D /* Debug */,
				A27E39C62F30542F0079200D /* Release */,
			);
			defaultConfigurationIsVisible = 0;
			defaultConfigurationName = Release;
		};
/* End XCConfigurationList section */
	};
	rootObject = A27E39902F30542E0079200D /* Project object */;
}
