// !$*UTF8*$!
{
	archiveVersion = 1;
	classes = {
	};
	objectVersion = 77;
	objects = {

/* Begin PBXContainerItemProxy section */
		A21D2FE02F2C3E1700097DEA /* PBXContainerItemProxy */ = {
			isa = PBXContainerItemProxy;
			containerPortal = A21D2FC52F2C3E1700097DEA /* Project object */;
			proxyType = 1;
			remoteGlobalIDString = A21D2FCC2F2C3E1700097DEA;
			remoteInfo = wildlog;
		};
		A21D2FEA2F2C3E1700097DEA /* PBXContainerItemProxy */ = {
			isa = PBXContainerItemProxy;
			containerPortal = A21D2FC52F2C3E1700097DEA /* Project object */;
			proxyType = 1;
			remoteGlobalIDString = A21D2FCC2F2C3E1700097DEA;
			remoteInfo = wildlog;
		};
/* End PBXContainerItemProxy section */

/* Begin PBXFileReference section */
		A21D2FCD2F2C3E1700097DEA /* wildlog.app */ = {isa = PBXFileReference; explicitFileType = wrapper.application; includeInIndex = 0; path = wildlog.app; sourceTree = BUILT_PRODUCTS_DIR; };
		A21D2FDF2F2C3E1700097DEA /* wildlogTests.xctest */ = {isa = PBXFileReference; explicitFileType = wrapper.cfbundle; includeInIndex = 0; path = wildlogTests.xctest; sourceTree = BUILT_PRODUCTS_DIR; };
		A21D2FE92F2C3E1700097DEA /* wildlogUITests.xctest */ = {isa = PBXFileReference; explicitFileType = wrapper.cfbundle; includeInIndex = 0; path = wildlogUITests.xctest; sourceTree = BUILT_PRODUCTS_DIR; };
/* End PBXFileReference section */

/* Begin PBXFileSystemSynchronizedRootGroup section */
		A21D2FCF2F2C3E1700097DEA /* wildlog */ = {
			isa = PBXFileSystemSynchronizedRootGroup;
			path = wildlog;
			sourceTree = "<group>";
		};
		A21D2FE22F2C3E1700097DEA /* wildlogTests */ = {
			isa = PBXFileSystemSynchronizedRootGroup;
			path = wildlogTests;
			sourceTree = "<group>";
		};
		A21D2FEC2F2C3E1700097DEA /* wildlogUITests */ = {
			isa = PBXFileSystemSynchronizedRootGroup;
			path = wildlogUITests;
			sourceTree = "<group>";
		};
/* End PBXFileSystemSynchronizedRootGroup section */

/* Begin PBXFrameworksBuildPhase section */
		A21D2FCA2F2C3E1700097DEA /* Frameworks */ = {
			isa = PBXFrameworksBuildPhase;
			buildActionMask = 2147483647;
			files = (
			);
			runOnlyForDeploymentPostprocessing = 0;
		};
		A21D2FDC2F2C3E1700097DEA /* Frameworks */ = {
			isa = PBXFrameworksBuildPhase;
			buildActionMask = 2147483647;
			files = (
			);
			runOnlyForDeploymentPostprocessing = 0;
		};
		A21D2FE62F2C3E1700097DEA /* Frameworks */ = {
			isa = PBXFrameworksBuildPhase;
			buildActionMask = 2147483647;
			files = (
			);
			runOnlyForDeploymentPostprocessing = 0;
		};
/* End PBXFrameworksBuildPhase section */

/* Begin PBXGroup section */
		A21D2FC42F2C3E1700097DEA = {
			isa = PBXGroup;
			children = (
				A21D2FCF2F2C3E1700097DEA /* wildlog */,
				A21D2FE22F2C3E1700097DEA /* wildlogTests */,
				A21D2FEC2F2C3E1700097DEA /* wildlogUITests */,
				A21D2FCE2F2C3E1700097DEA /* Products */,
			);
			sourceTree = "<group>";
		};
		A21D2FCE2F2C3E1700097DEA /* Products */ = {
			isa = PBXGroup;
			children = (
				A21D2FCD2F2C3E1700097DEA /* wildlog.app */,
				A21D2FDF2F2C3E1700097DEA /* wildlogTests.xctest */,
				A21D2FE92F2C3E1700097DEA /* wildlogUITests.xctest */,
			);
			name = Products;
			sourceTree = "<group>";
		};
/* End PBXGroup section */

/* Begin PBXNativeTarget section */
		A21D2FCC2F2C3E1700097DEA /* wildlog */ = {
			isa = PBXNativeTarget;
			buildConfigurationList = A21D2FF32F2C3E1700097DEA /* Build configuration list for PBXNativeTarget "wildlog" */;
			buildPhases = (
				A21D2FC92F2C3E1700097DEA /* Sources */,
				A21D2FCA2F2C3E1700097DEA /* Frameworks */,
				A21D2FCB2F2C3E1700097DEA /* Resources */,
			);
			buildRules = (
			);
			dependencies = (
			);
			fileSystemSynchronizedGroups = (
				A21D2FCF2F2C3E1700097DEA /* wildlog */,
			);
			name = wildlog;
			packageProductDependencies = (
			);
			productName = wildlog;
			productReference = A21D2FCD2F2C3E1700097DEA /* wildlog.app */;
			productType = "com.apple.product-type.application";
		};
		A21D2FDE2F2C3E1700097DEA /* wildlogTests */ = {
			isa = PBXNativeTarget;
			buildConfigurationList = A21D2FF62F2C3E1700097DEA /* Build configuration list for PBXNativeTarget "wildlogTests" */;
			buildPhases = (
				A21D2FDB2F2C3E1700097DEA /* Sources */,
				A21D2FDC2F2C3E1700097DEA /* Frameworks */,
				A21D2FDD2F2C3E1700097DEA /* Resources */,
			);
			buildRules = (
			);
			dependencies = (
				A21D2FE12F2C3E1700097DEA /* PBXTargetDependency */,
			);
			fileSystemSynchronizedGroups = (
				A21D2FE22F2C3E1700097DEA /* wildlogTests */,
			);
			name = wildlogTests;
			packageProductDependencies = (
			);
			productName = wildlogTests;
			productReference = A21D2FDF2F2C3E1700097DEA /* wildlogTests.xctest */;
			productType = "com.apple.product-type.bundle.unit-test";
		};
		A21D2FE82F2C3E1700097DEA /* wildlogUITests */ = {
			isa = PBXNativeTarget;
			buildConfigurationList = A21D2FF92F2C3E1700097DEA /* Build configuration list for PBXNativeTarget "wildlogUITests" */;
			buildPhases = (
				A21D2FE52F2C3E1700097DEA /* Sources */,
				A21D2FE62F2C3E1700097DEA /* Frameworks */,
				A21D2FE72F2C3E1700097DEA /* Resources */,
			);
			buildRules = (
			);
			dependencies = (
				A21D2FEB2F2C3E1700097DEA /* PBXTargetDependency */,
			);
			fileSystemSynchronizedGroups = (
				A21D2FEC2F2C3E1700097DEA /* wildlogUITests */,
			);
			name = wildlogUITests;
			packageProductDependencies = (
			);
			productName = wildlogUITests;
			productReference = A21D2FE92F2C3E1700097DEA /* wildlogUITests.xctest */;
			productType = "com.apple.product-type.bundle.ui-testing";
		};
/* End PBXNativeTarget section */

/* Begin PBXProject section */
		A21D2FC52F2C3E1700097DEA /* Project object */ = {
			isa = PBXProject;
			attributes = {
				BuildIndependentTargetsInParallel = 1;
				LastSwiftUpdateCheck = 1620;
				LastUpgradeCheck = 1620;
				TargetAttributes = {
					A21D2FCC2F2C3E1700097DEA = {
						CreatedOnToolsVersion = 16.2;
					};
					A21D2FDE2F2C3E1700097DEA = {
						CreatedOnToolsVersion = 16.2;
						TestTargetID = A21D2FCC2F2C3E1700097DEA;
					};
					A21D2FE82F2C3E1700097DEA = {
						CreatedOnToolsVersion = 16.2;
						TestTargetID = A21D2FCC2F2C3E1700097DEA;
					};
				};
			};
			buildConfigurationList = A21D2FC82F2C3E1700097DEA /* Build configuration list for PBXProject "wildlog" */;
			developmentRegion = en;
			hasScannedForEncodings = 0;
			knownRegions = (
				en,
				Base,
			);
			mainGroup = A21D2FC42F2C3E1700097DEA;
			minimizedProjectReferenceProxies = 1;
			preferredProjectObjectVersion = 77;
			productRefGroup = A21D2FCE2F2C3E1700097DEA /* Products */;
			projectDirPath = "";
			projectRoot = "";
			targets = (
				A21D2FCC2F2C3E1700097DEA /* wildlog */,
				A21D2FDE2F2C3E1700097DEA /* wildlogTests */,
				A21D2FE82F2C3E1700097DEA /* wildlogUITests */,
			);
		};
/* End PBXProject section */

/* Begin PBXResourcesBuildPhase section */
		A21D2FCB2F2C3E1700097DEA /* Resources */ = {
			isa = PBXResourcesBuildPhase;
			buildActionMask = 2147483647;
			files = (
			);
			runOnlyForDeploymentPostprocessing = 0;
		};
		A21D2FDD2F2C3E1700097DEA /* Resources */ = {
			isa = PBXResourcesBuildPhase;
			buildActionMask = 2147483647;
			files = (
			);
			runOnlyForDeploymentPostprocessing = 0;
		};
		A21D2FE72F2C3E1700097DEA /* Resources */ = {
			isa = PBXResourcesBuildPhase;
			buildActionMask = 2147483647;
			files = (
			);
			runOnlyForDeploymentPostprocessing = 0;
		};
/* End PBXResourcesBuildPhase section */

/* Begin PBXSourcesBuildPhase section */
		A21D2FC92F2C3E1700097DEA /* Sources */ = {
			isa = PBXSourcesBuildPhase;
			buildActionMask = 2147483647;
			files = (
			);
			runOnlyForDeploymentPostprocessing = 0;
		};
		A21D2FDB2F2C3E1700097DEA /* Sources */ = {
			isa = PBXSourcesBuildPhase;
			buildActionMask = 2147483647;
			files = (
			);
			runOnlyForDeploymentPostprocessing = 0;
		};
		A21D2FE52F2C3E1700097DEA /* Sources */ = {
			isa = PBXSourcesBuildPhase;
			buildActionMask = 2147483647;
			files = (
			);
			runOnlyForDeploymentPostprocessing = 0;
		};
/* End PBXSourcesBuildPhase section */

/* Begin PBXTargetDependency section */
		A21D2FE12F2C3E1700097DEA /* PBXTargetDependency */ = {
			isa = PBXTargetDependency;
			target = A21D2FCC2F2C3E1700097DEA /* wildlog */;
			targetProxy = A21D2FE02F2C3E1700097DEA /* PBXContainerItemProxy */;
		};
		A21D2FEB2F2C3E1700097DEA /* PBXTargetDependency */ = {
			isa = PBXTargetDependency;
			target = A21D2FCC2F2C3E1700097DEA /* wildlog */;
			targetProxy = A21D2FEA2F2C3E1700097DEA /* PBXContainerItemProxy */;
		};
/* End PBXTargetDependency section */

/* Begin XCBuildConfiguration section */
		A21D2FF12F2C3E1700097DEA /* Debug */ = {
			isa = XCBuildConfiguration;
			buildSettings = {
				ALWAYS_SEARCH_USER_PATHS = NO;
				ASSETCATALOG_COMPILER_GENERATE_SWIFT_ASSET_SYMBOL_EXTENSIONS = YES;
				CLANG_ANALYZER_NONNULL = YES;
				CLANG_ANALYZER_NUMBER_OBJECT_CONVERSION = YES_AGGRESSIVE;
				CLANG_CXX_LANGUAGE_STANDARD = "gnu++20";
				CLANG_ENABLE_MODULES = YES;
				CLANG_ENABLE_OBJC_ARC = YES;
				CLANG_ENABLE_OBJC_WEAK = YES;
				CLANG_WARN_BLOCK_CAPTURE_AUTORELEASING = YES;
				CLANG_WARN_BOOL_CONVERSION = YES;
				CLANG_WARN_COMMA = YES;
				CLANG_WARN_CONSTANT_CONVERSION = YES;
				CLANG_WARN_DEPRECATED_OBJC_IMPLEMENTATIONS = YES;
				CLANG_WARN_DIRECT_OBJC_ISA_USAGE = YES_ERROR;
				CLANG_WARN_DOCUMENTATION_COMMENTS = YES;
				CLANG_WARN_EMPTY_BODY = YES;
				CLANG_WARN_ENUM_CONVERSION = YES;
				CLANG_WARN_INFINITE_RECURSION = YES;
				CLANG_WARN_INT_CONVERSION = YES;
				CLANG_WARN_NON_LITERAL_NULL_CONVERSION = YES;
				CLANG_WARN_OBJC_IMPLICIT_RETAIN_SELF = YES;
				CLANG_WARN_OBJC_LITERAL_CONVERSION = YES;
				CLANG_WARN_OBJC_ROOT_CLASS = YES_ERROR;
				CLANG_WARN_QUOTED_INCLUDE_IN_FRAMEWORK_HEADER = YES;
				CLANG_WARN_RANGE_LOOP_ANALYSIS = YES;
				CLANG_WARN_STRICT_PROTOTYPES = YES;
				CLANG_WARN_SUSPICIOUS_MOVE = YES;
				CLANG_WARN_UNGUARDED_AVAILABILITY = YES_AGGRESSIVE;
				CLANG_WARN_UNREACHABLE_CODE = YES;
				CLANG_WARN__DUPLICATE_METHOD_MATCH = YES;
				COPY_PHASE_STRIP = NO;
				DEBUG_INFORMATION_FORMAT = dwarf;
				ENABLE_STRICT_OBJC_MSGSEND = YES;
				ENABLE_TESTABILITY = YES;
				ENABLE_USER_SCRIPT_SANDBOXING = YES;
				GCC_C_LANGUAGE_STANDARD = gnu17;
				GCC_DYNAMIC_NO_PIC = NO;
				GCC_NO_COMMON_BLOCKS = YES;
				GCC_OPTIMIZATION_LEVEL = 0;
				GCC_PREPROCESSOR_DEFINITIONS = (
					"DEBUG=1",
					"$(inherited)",
				);
				GCC_WARN_64_TO_32_BIT_CONVERSION = YES;
				GCC_WARN_ABOUT_RETURN_TYPE = YES_ERROR;
				GCC_WARN_UNDECLARED_SELECTOR = YES;
				GCC_WARN_UNINITIALIZED_AUTOS = YES_AGGRESSIVE;
				GCC_WARN_UNUSED_FUNCTION = YES;
				GCC_WARN_UNUSED_VARIABLE = YES;
				IPHONEOS_DEPLOYMENT_TARGET = 18.2;
				LOCALIZATION_PREFERS_STRING_CATALOGS = YES;
				MTL_ENABLE_DEBUG_INFO = INCLUDE_SOURCE;
				MTL_FAST_MATH = YES;
				ONLY_ACTIVE_ARCH = YES;
				SDKROOT = iphoneos;
				SWIFT_ACTIVE_COMPILATION_CONDITIONS = "DEBUG $(inherited)";
				SWIFT_OPTIMIZATION_LEVEL = "-Onone";
			};
			name = Debug;
		};
		A21D2FF22F2C3E1700097DEA /* Release */ = {
			isa = XCBuildConfiguration;
			buildSettings = {
				ALWAYS_SEARCH_USER_PATHS = NO;
				ASSETCATALOG_COMPILER_GENERATE_SWIFT_ASSET_SYMBOL_EXTENSIONS = YES;
				CLANG_ANALYZER_NONNULL = YES;
				CLANG_ANALYZER_NUMBER_OBJECT_CONVERSION = YES_AGGRESSIVE;
				CLANG_CXX_LANGUAGE_STANDARD = "gnu++20";
				CLANG_ENABLE_MODULES = YES;
				CLANG_ENABLE_OBJC_ARC = YES;
				CLANG_ENABLE_OBJC_WEAK = YES;
				CLANG_WARN_BLOCK_CAPTURE_AUTORELEASING = YES;
				CLANG_WARN_BOOL_CONVERSION = YES;
				CLANG_WARN_COMMA = YES;
				CLANG_WARN_CONSTANT_CONVERSION = YES;
				CLANG_WARN_DEPRECATED_OBJC_IMPLEMENTATIONS = YES;
				CLANG_WARN_DIRECT_OBJC_ISA_USAGE = YES_ERROR;
				CLANG_WARN_DOCUMENTATION_COMMENTS = YES;
				CLANG_WARN_EMPTY_BODY = YES;
				CLANG_WARN_ENUM_CONVERSION = YES;
				CLANG_WARN_INFINITE_RECURSION = YES;
				CLANG_WARN_INT_CONVERSION = YES;
				CLANG_WARN_NON_LITERAL_NULL_CONVERSION = YES;
				CLANG_WARN_OBJC_IMPLICIT_RETAIN_SELF = YES;
				CLANG_WARN_OBJC_LITERAL_CONVERSION = YES;
				CLANG_WARN_OBJC_ROOT_CLASS = YES_ERROR;
				CLANG_WARN_QUOTED_INCLUDE_IN_FRAMEWORK_HEADER = YES;
				CLANG_WARN_RANGE_LOOP_ANALYSIS = YES;
				CLANG_WARN_STRICT_PROTOTYPES = YES;
				CLANG_WARN_SUSPICIOUS_MOVE = YES;
				CLANG_WARN_UNGUARDED_AVAILABILITY = YES_AGGRESSIVE;
				CLANG_WARN_UNREACHABLE_CODE = YES;
				CLANG_WARN__DUPLICATE_METHOD_MATCH = YES;
				COPY_PHASE_STRIP = NO;
				DEBUG_INFORMATION_FORMAT = "dwarf-with-dsym";
				ENABLE_NS_ASSERTIONS = NO;
				ENABLE_STRICT_OBJC_MSGSEND = YES;
				ENABLE_USER_SCRIPT_SANDBOXING = YES;
				GCC_C_LANGUAGE_STANDARD = gnu17;
				GCC_NO_COMMON_BLOCKS = YES;
				GCC_WARN_64_TO_32_BIT_CONVERSION = YES;
				GCC_WARN_ABOUT_RETURN_TYPE = YES_ERROR;
				GCC_WARN_UNDECLARED_SELECTOR = YES;
				GCC_WARN_UNINITIALIZED_AUTOS = YES_AGGRESSIVE;
				GCC_WARN_UNUSED_FUNCTION = YES;
				GCC_WARN_UNUSED_VARIABLE = YES;
				IPHONEOS_DEPLOYMENT_TARGET = 18.2;
				LOCALIZATION_PREFERS_STRING_CATALOGS = YES;
				MTL_ENABLE_DEBUG_INFO = NO;
				MTL_FAST_MATH = YES;
				SDKROOT = iphoneos;
				SWIFT_COMPILATION_MODE = wholemodule;
				VALIDATE_PRODUCT = YES;
			};
			name = Release;
		};
		A21D2FF42F2C3E1700097DEA /* Debug */ = {
			isa = XCBuildConfiguration;
			buildSettings = {
				ASSETCATALOG_COMPILER_APPICON_NAME = AppIcon;
				ASSETCATALOG_COMPILER_GLOBAL_ACCENT_COLOR_NAME = AccentColor;
				CODE_SIGN_STYLE = Automatic;
				CURRENT_PROJECT_VERSION = 1;
				DEVELOPMENT_ASSET_PATHS = "\"wildlog/Preview Content\"";
				DEVELOPMENT_TEAM = US3QA8NCX7;
				ENABLE_PREVIEWS = YES;
				GENERATE_INFOPLIST_FILE = YES;
				INFOPLIST_KEY_UIApplicationSceneManifest_Generation = YES;
				INFOPLIST_KEY_UIApplicationSupportsIndirectInputEvents = YES;
				INFOPLIST_KEY_UILaunchScreen_Generation = YES;
				INFOPLIST_KEY_UISupportedInterfaceOrientations_iPad = "UIInterfaceOrientationPortrait UIInterfaceOrientationPortraitUpsideDown UIInterfaceOrientationLandscapeLeft UIInterfaceOrientationLandscapeRight";
				INFOPLIST_KEY_UISupportedInterfaceOrientations_iPhone = "UIInterfaceOrientationPortrait UIInterfaceOrientationLandscapeLeft UIInterfaceOrientationLandscapeRight";
				LD_RUNPATH_SEARCH_PATHS = (
					"$(inherited)",
					"@executable_path/Frameworks",
				);
				MARKETING_VERSION = 1.0;
				PRODUCT_BUNDLE_IDENTIFIER = wildlog.wildlog;
				PRODUCT_NAME = "$(TARGET_NAME)";
				SWIFT_EMIT_LOC_STRINGS = YES;
				SWIFT_VERSION = 5.0;
				TARGETED_DEVICE_FAMILY = "1,2";
			};
			name = Debug;
		};
		A21D2FF52F2C3E1700097DEA /* Release */ = {
			isa = XCBuildConfiguration;
			buildSettings = {
				ASSETCATALOG_COMPILER_APPICON_NAME = AppIcon;
				ASSETCATALOG_COMPILER_GLOBAL_ACCENT_COLOR_NAME = AccentColor;
				CODE_SIGN_STYLE = Automatic;
				CURRENT_PROJECT_VERSION = 1;
				DEVELOPMENT_ASSET_PATHS = "\"wildlog/Preview Content\"";
				DEVELOPMENT_TEAM = US3QA8NCX7;
				ENABLE_PREVIEWS = YES;
				GENERATE_INFOPLIST_FILE = YES;
				INFOPLIST_KEY_UIApplicationSceneManifest_Generation = YES;
				INFOPLIST_KEY_UIApplicationSupportsIndirectInputEvents = YES;
				INFOPLIST_KEY_UILaunchScreen_Generation = YES;
				INFOPLIST_KEY_UISupportedInterfaceOrientations_iPad = "UIInterfaceOrientationPortrait UIInterfaceOrientationPortraitUpsideDown UIInterfaceOrientationLandscapeLeft UIInterfaceOrientationLandscapeRight";
				INFOPLIST_KEY_UISupportedInterfaceOrientations_iPhone = "UIInterfaceOrientationPortrait UIInterfaceOrientationLandscapeLeft UIInterfaceOrientationLandscapeRight";
				LD_RUNPATH_SEARCH_PATHS = (
					"$(inherited)",
					"@executable_path/Frameworks",
				);
				MARKETING_VERSION = 1.0;
				PRODUCT_BUNDLE_IDENTIFIER = wildlog.wildlog;
				PRODUCT_NAME = "$(TARGET_NAME)";
				SWIFT_EMIT_LOC_STRINGS = YES;
				SWIFT_VERSION = 5.0;
				TARGETED_DEVICE_FAMILY = "1,2";
			};
			name = Release;
		};
		A21D2FF72F2C3E1700097DEA /* Debug */ = {
			isa = XCBuildConfiguration;
			buildSettings = {
				BUNDLE_LOADER = "$(TEST_HOST)";
				CODE_SIGN_STYLE = Automatic;
				CURRENT_PROJECT_VERSION = 1;
				DEVELOPMENT_TEAM = US3QA8NCX7;
				GENERATE_INFOPLIST_FILE = YES;
				IPHONEOS_DEPLOYMENT_TARGET = 18.2;
				MARKETING_VERSION = 1.0;
				PRODUCT_BUNDLE_IDENTIFIER = wildlog.wildlogTests;
				PRODUCT_NAME = "$(TARGET_NAME)";
				SWIFT_EMIT_LOC_STRINGS = NO;
				SWIFT_VERSION = 5.0;
				TARGETED_DEVICE_FAMILY = "1,2";
				TEST_HOST = "$(BUILT_PRODUCTS_DIR)/wildlog.app/$(BUNDLE_EXECUTABLE_FOLDER_PATH)/wildlog";
			};
			name = Debug;
		};
		A21D2FF82F2C3E1700097DEA /* Release */ = {
			isa = XCBuildConfiguration;
			buildSettings = {
				BUNDLE_LOADER = "$(TEST_HOST)";
				CODE_SIGN_STYLE = Automatic;
				CURRENT_PROJECT_VERSION = 1;
				DEVELOPMENT_TEAM = US3QA8NCX7;
				GENERATE_INFOPLIST_FILE = YES;
				IPHONEOS_DEPLOYMENT_TARGET = 18.2;
				MARKETING_VERSION = 1.0;
				PRODUCT_BUNDLE_IDENTIFIER = wildlog.wildlogTests;
				PRODUCT_NAME = "$(TARGET_NAME)";
				SWIFT_EMIT_LOC_STRINGS = NO;
				SWIFT_VERSION = 5.0;
				TARGETED_DEVICE_FAMILY = "1,2";
				TEST_HOST = "$(BUILT_PRODUCTS_DIR)/wildlog.app/$(BUNDLE_EXECUTABLE_FOLDER_PATH)/wildlog";
			};
			name = Release;
		};
		A21D2FFA2F2C3E1700097DEA /* Debug */ = {
			isa = XCBuildConfiguration;
			buildSettings = {
				CODE_SIGN_STYLE = Automatic;
				CURRENT_PROJECT_VERSION = 1;
				DEVELOPMENT_TEAM = US3QA8NCX7;
				GENERATE_INFOPLIST_FILE = YES;
				MARKETING_VERSION = 1.0;
				PRODUCT_BUNDLE_IDENTIFIER = wildlog.wildlogUITests;
				PRODUCT_NAME = "$(TARGET_NAME)";
				SWIFT_EMIT_LOC_STRINGS = NO;
				SWIFT_VERSION = 5.0;
				TARGETED_DEVICE_FAMILY = "1,2";
				TEST_TARGET_NAME = wildlog;
			};
			name = Debug;
		};
		A21D2FFB2F2C3E1700097DEA /* Release */ = {
			isa = XCBuildConfiguration;
			buildSettings = {
				CODE_SIGN_STYLE = Automatic;
				CURRENT_PROJECT_VERSION = 1;
				DEVELOPMENT_TEAM = US3QA8NCX7;
				GENERATE_INFOPLIST_FILE = YES;
				MARKETING_VERSION = 1.0;
				PRODUCT_BUNDLE_IDENTIFIER = wildlog.wildlogUITests;
				PRODUCT_NAME = "$(TARGET_NAME)";
				SWIFT_EMIT_LOC_STRINGS = NO;
				SWIFT_VERSION = 5.0;
				TARGETED_DEVICE_FAMILY = "1,2";
				TEST_TARGET_NAME = wildlog;
			};
			name = Release;
		};
/* End XCBuildConfiguration section */

/* Begin XCConfigurationList section */
		A21D2FC82F2C3E1700097DEA /* Build configuration list for PBXProject "wildlog" */ = {
			isa = XCConfigurationList;
			buildConfigurations = (
				A21D2FF12F2C3E1700097DEA /* Debug */,
				A21D2FF22F2C3E1700097DEA /* Release */,
			);
			defaultConfigurationIsVisible = 0;
			defaultConfigurationName = Release;
		};
		A21D2FF32F2C3E1700097DEA /* Build configuration list for PBXNativeTarget "wildlog" */ = {
			isa = XCConfigurationList;
			buildConfigurations = (
				A21D2FF42F2C3E1700097DEA /* Debug */,
				A21D2FF52F2C3E1700097DEA /* Release */,
			);
			defaultConfigurationIsVisible = 0;
			defaultConfigurationName = Release;
		};
		A21D2FF62F2C3E1700097DEA /* Build configuration list for PBXNativeTarget "wildlogTests" */ = {
			isa = XCConfigurationList;
			buildConfigurations = (
				A21D2FF72F2C3E1700097DEA /* Debug */,
				A21D2FF82F2C3E1700097DEA /* Release */,
			);
			defaultConfigurationIsVisible = 0;
			defaultConfigurationName = Release;
		};
		A21D2FF92F2C3E1700097DEA /* Build configuration list for PBXNativeTarget "wildlogUITests" */ = {
			isa = XCConfigurationList;
			buildConfigurations = (
				A21D2FFA2F2C3E1700097DEA /* Debug */,
				A21D2FFB2F2C3E1700097DEA /* Release */,
			);
			defaultConfigurationIsVisible = 0;
			defaultConfigurationName = Release;
		};
/* End XCConfigurationList section */
	};
	rootObject = A21D2FC52F2C3E1700097DEA /* Project object */;
}
