{
  "originHash" : "c0bdfdec4020bd5cfb219b047f49f5bd9187f9f70b912b5cfc5d8d3ac459d5d7",
  "pins" : [
    {
      "identity" : "apollo-ios",
      "kind" : "remoteSourceControl",
      "location" : "https://github.com/apollographql/apollo-ios.git",
      "state" : {
        "revision" : "3b1203b721a81f7995ee73f393aa07b43d301720",
        "version" : "2.0.6"
      }
    },
    {
      "identity" : "kingfisher",
      "kind" : "remoteSourceControl",
      "location" : "https://github.com/onevcat/Kingfisher.git",
      "state" : {
        "revision" : "c92b84898e34ab46ff0dad86c02a0acbe2d87008",
        "version" : "8.8.0"
      }
    }
  ],
  "version" : 3
}
